
Microsoft Visual Studio Solution File, Format Version 12.00
# Visual Studio Version 16
VisualStudioVersion = 16.0.33927.289
MinimumVisualStudioVersion = 10.0.40219.1
Project("{FAE04EC0-301F-11D3-BF4B-00C04F79EFBC}") = "RegistroCobranzas", "RegistroCobranzas\RegistroCobranzas.csproj", "{86B10E9E-B0AE-4E87-9764-AB97E3ECF283}"
EndProject
Global
	GlobalSection(SolutionConfigurationPlatforms) = preSolution
		Debug|Any CPU = Debug|Any CPU
		Release|Any CPU = Release|Any CPU
	EndGlobalSection
	GlobalSection(ProjectConfigurationPlatforms) = postSolution
		{86B10E9E-B0AE-4E87-9764-AB97E3ECF283}.Debug|Any CPU.ActiveCfg = Debug|Any CPU
		{86B10E9E-B0AE-4E87-9764-AB97E3ECF283}.Debug|Any CPU.Build.0 = Debug|Any CPU
		{86B10E9E-B0AE-4E87-9764-AB97E3ECF283}.Release|Any CPU.ActiveCfg = Release|Any CPU
		{86B10E9E-B0AE-4E87-9764-AB97E3ECF283}.Release|Any CPU.Build.0 = Release|Any CPU
	EndGlobalSection
	GlobalSection(SolutionProperties) = preSolution
		HideSolutionNode = FALSE
	EndGlobalSection
	GlobalSection(ExtensibilityGlobals) = postSolution
		SolutionGuid = {F76581D8-AB20-427D-A605-1189AC3C7B35}
	EndGlobalSection
EndGlobal
